
Microsoft Visual Studio Solution File, Format Version 12.00
# Visual Studio Version 16
VisualStudioVersion = 16.0.28705.295
MinimumVisualStudioVersion = 10.0.40219.1
Project("{FAE04EC0-301F-11D3-BF4B-00C04F79EFBC}") = "CSharpObserverPattern2019", "CSharpObserverPattern2019.csproj", "{AD379997-BE4B-4AD2-824B-883F10DD5865}"
EndProject
Global
	GlobalSection(SolutionConfigurationPlatforms) = preSolution
		Debug|Any CPU = Debug|Any CPU
		Release|Any CPU = Release|Any CPU
	EndGlobalSection
	GlobalSection(ProjectConfigurationPlatforms) = postSolution
		{AD379997-BE4B-4AD2-824B-883F10DD5865}.Debug|Any CPU.ActiveCfg = Debug|Any CPU
		{AD379997-BE4B-4AD2-824B-883F10DD5865}.Debug|Any CPU.Build.0 = Debug|Any CPU
		{AD379997-BE4B-4AD2-824B-883F10DD5865}.Release|Any CPU.ActiveCfg = Release|Any CPU
		{AD379997-BE4B-4AD2-824B-883F10DD5865}.Release|Any CPU.Build.0 = Release|Any CPU
	EndGlobalSection
	GlobalSection(SolutionProperties) = preSolution
		HideSolutionNode = FALSE
	EndGlobalSection
	GlobalSection(ExtensibilityGlobals) = postSolution
		SolutionGuid = {293DCA9A-088A-4D66-AAF4-FF280219440B}
	EndGlobalSection
EndGlobal
